speakeasyVersion: 1.281.0
sources: {}
targets: {}
workflow:
    workflowVersion: 1.0.0
    speakeasyVersion: latest
    sources:
        openapi:
            inputs:
                - location: openapi.yaml
    targets:
        axiom-go:
            target: go
            source: openapi
            output: sdks/go
        axiom-js:
            target: typescript
            source: openapi
            output: sdks/js
